
Microsoft Visual Studio Solution File, Format Version 12.00
# Visual Studio Version 16
VisualStudioVersion = 16.0.30011.22
MinimumVisualStudioVersion = 10.0.40219.1
Project("{9A19103F-16F7-4668-BE54-9A1E7A4F7556}") = "OG-ANGULAR-API", "OG-ANGULAR-API\OG-ANGULAR-API.csproj", "{613F951C-1866-498C-8FE2-D867FF220761}"
EndProject
Project("{9A19103F-16F7-4668-BE54-9A1E7A4F7556}") = "OG-ANGULAR-DATA", "OG-ANGULAR-DATA\OG-ANGULAR-DATA.csproj", "{B0D8DDE0-B3C6-4E89-96BD-AD970D53571F}"
EndProject
Project("{9A19103F-16F7-4668-BE54-9A1E7A4F7556}") = "OG-ANGULAR-BUSINESS", "OG-ANGULAR-BUSINESS\OG-ANGULAR-BUSINESS.csproj", "{8B85C727-87E8-4C33-96AD-8E180815BE6F}"
EndProject
Project("{9A19103F-16F7-4668-BE54-9A1E7A4F7556}") = "OG-ANGULAR-ENTITIES", "OG-ANGULAR-ENTITIES\OG-ANGULAR-ENTITIES.csproj", "{B1089921-FDC3-4CB7-9AC6-90AB3B04302C}"
EndProject
Project("{E24C65DC-7377-472B-9ABA-BC803B73C61A}") = "OG-ANGULAR-UI", "OG-ANGULAR-UI\", "{145668AC-4758-407A-9C8E-B59BDCE1C2BA}"
	ProjectSection(WebsiteProperties) = preProject
		TargetFrameworkMoniker = ".NETFramework,Version%3Dv4.0"
		Debug.AspNetCompiler.VirtualPath = "/localhost_53932"
		Debug.AspNetCompiler.PhysicalPath = "OG-ANGULAR-UI\"
		Debug.AspNetCompiler.TargetPath = "PrecompiledWeb\localhost_53932\"
		Debug.AspNetCompiler.Updateable = "true"
		Debug.AspNetCompiler.ForceOverwrite = "true"
		Debug.AspNetCompiler.FixedNames = "false"
		Debug.AspNetCompiler.Debug = "True"
		Release.AspNetCompiler.VirtualPath = "/localhost_53932"
		Release.AspNetCompiler.PhysicalPath = "OG-ANGULAR-UI\"
		Release.AspNetCompiler.TargetPath = "PrecompiledWeb\localhost_53932\"
		Release.AspNetCompiler.Updateable = "true"
		Release.AspNetCompiler.ForceOverwrite = "true"
		Release.AspNetCompiler.FixedNames = "false"
		Release.AspNetCompiler.Debug = "False"
		VWDPort = "53932"
		SlnRelativePath = "OG-ANGULAR-UI\"
	EndProjectSection
EndProject
Global
	GlobalSection(SolutionConfigurationPlatforms) = preSolution
		Debug|Any CPU = Debug|Any CPU
		Release|Any CPU = Release|Any CPU
	EndGlobalSection
	GlobalSection(ProjectConfigurationPlatforms) = postSolution
		{613F951C-1866-498C-8FE2-D867FF220761}.Debug|Any CPU.ActiveCfg = Debug|Any CPU
		{613F951C-1866-498C-8FE2-D867FF220761}.Debug|Any CPU.Build.0 = Debug|Any CPU
		{613F951C-1866-498C-8FE2-D867FF220761}.Release|Any CPU.ActiveCfg = Release|Any CPU
		{613F951C-1866-498C-8FE2-D867FF220761}.Release|Any CPU.Build.0 = Release|Any CPU
		{B0D8DDE0-B3C6-4E89-96BD-AD970D53571F}.Debug|Any CPU.ActiveCfg = Debug|Any CPU
		{B0D8DDE0-B3C6-4E89-96BD-AD970D53571F}.Debug|Any CPU.Build.0 = Debug|Any CPU
		{B0D8DDE0-B3C6-4E89-96BD-AD970D53571F}.Release|Any CPU.ActiveCfg = Release|Any CPU
		{B0D8DDE0-B3C6-4E89-96BD-AD970D53571F}.Release|Any CPU.Build.0 = Release|Any CPU
		{8B85C727-87E8-4C33-96AD-8E180815BE6F}.Debug|Any CPU.ActiveCfg = Debug|Any CPU
		{8B85C727-87E8-4C33-96AD-8E180815BE6F}.Debug|Any CPU.Build.0 = Debug|Any CPU
		{8B85C727-87E8-4C33-96AD-8E180815BE6F}.Release|Any CPU.ActiveCfg = Release|Any CPU
		{8B85C727-87E8-4C33-96AD-8E180815BE6F}.Release|Any CPU.Build.0 = Release|Any CPU
		{B1089921-FDC3-4CB7-9AC6-90AB3B04302C}.Debug|Any CPU.ActiveCfg = Debug|Any CPU
		{B1089921-FDC3-4CB7-9AC6-90AB3B04302C}.Debug|Any CPU.Build.0 = Debug|Any CPU
		{B1089921-FDC3-4CB7-9AC6-90AB3B04302C}.Release|Any CPU.ActiveCfg = Release|Any CPU
		{B1089921-FDC3-4CB7-9AC6-90AB3B04302C}.Release|Any CPU.Build.0 = Release|Any CPU
		{145668AC-4758-407A-9C8E-B59BDCE1C2BA}.Debug|Any CPU.ActiveCfg = Debug|Any CPU
		{145668AC-4758-407A-9C8E-B59BDCE1C2BA}.Debug|Any CPU.Build.0 = Debug|Any CPU
		{145668AC-4758-407A-9C8E-B59BDCE1C2BA}.Release|Any CPU.ActiveCfg = Debug|Any CPU
		{145668AC-4758-407A-9C8E-B59BDCE1C2BA}.Release|Any CPU.Build.0 = Debug|Any CPU
	EndGlobalSection
	GlobalSection(SolutionProperties) = preSolution
		HideSolutionNode = FALSE
	EndGlobalSection
	GlobalSection(ExtensibilityGlobals) = postSolution
		SolutionGuid = {5CFBE99A-78F0-48BE-9960-3D1322D19739}
	EndGlobalSection
EndGlobal
